
Microsoft Visual Studio Solution File, Format Version 12.00
# Visual Studio 15
VisualStudioVersion = 15.0.26124.0
MinimumVisualStudioVersion = 15.0.26124.0
Project("{FAE04EC0-301F-11D3-BF4B-00C04F79EFBC}") = "Domain", "Domain\Domain.csproj", "{488FFE89-D218-458C-8236-8554A433FA73}"
EndProject
Project("{FAE04EC0-301F-11D3-BF4B-00C04F79EFBC}") = "Application", "Application\Application.csproj", "{0D56D20A-960F-4C7C-BE30-2FFA965F5F7A}"
EndProject
Project("{FAE04EC0-301F-11D3-BF4B-00C04F79EFBC}") = "Persistence", "Persistence\Persistence.csproj", "{34C9334B-7D34-4EFC-8931-E6F14EE0713B}"
EndProject
Project("{FAE04EC0-301F-11D3-BF4B-00C04F79EFBC}") = "API", "API\API.csproj", "{422684B6-AE31-4C3B-BC46-D79AE25F18C9}"
EndProject
Global
	GlobalSection(SolutionConfigurationPlatforms) = preSolution
		Debug|Any CPU = Debug|Any CPU
		Debug|x64 = Debug|x64
		Debug|x86 = Debug|x86
		Release|Any CPU = Release|Any CPU
		Release|x64 = Release|x64
		Release|x86 = Release|x86
	EndGlobalSection
	GlobalSection(SolutionProperties) = preSolution
		HideSolutionNode = FALSE
	EndGlobalSection
	GlobalSection(ProjectConfigurationPlatforms) = postSolution
		{488FFE89-D218-458C-8236-8554A433FA73}.Debug|Any CPU.ActiveCfg = Debug|Any CPU
		{488FFE89-D218-458C-8236-8554A433FA73}.Debug|Any CPU.Build.0 = Debug|Any CPU
		{488FFE89-D218-458C-8236-8554A433FA73}.Debug|x64.ActiveCfg = Debug|Any CPU
		{488FFE89-D218-458C-8236-8554A433FA73}.Debug|x64.Build.0 = Debug|Any CPU
		{488FFE89-D218-458C-8236-8554A433FA73}.Debug|x86.ActiveCfg = Debug|Any CPU
		{488FFE89-D218-458C-8236-8554A433FA73}.Debug|x86.Build.0 = Debug|Any CPU
		{488FFE89-D218-458C-8236-8554A433FA73}.Release|Any CPU.ActiveCfg = Release|Any CPU
		{488FFE89-D218-458C-8236-8554A433FA73}.Release|Any CPU.Build.0 = Release|Any CPU
		{488FFE89-D218-458C-8236-8554A433FA73}.Release|x64.ActiveCfg = Release|Any CPU
		{488FFE89-D218-458C-8236-8554A433FA73}.Release|x64.Build.0 = Release|Any CPU
		{488FFE89-D218-458C-8236-8554A433FA73}.Release|x86.ActiveCfg = Release|Any CPU
		{488FFE89-D218-458C-8236-8554A433FA73}.Release|x86.Build.0 = Release|Any CPU
		{0D56D20A-960F-4C7C-BE30-2FFA965F5F7A}.Debug|Any CPU.ActiveCfg = Debug|Any CPU
		{0D56D20A-960F-4C7C-BE30-2FFA965F5F7A}.Debug|Any CPU.Build.0 = Debug|Any CPU
		{0D56D20A-960F-4C7C-BE30-2FFA965F5F7A}.Debug|x64.ActiveCfg = Debug|Any CPU
		{0D56D20A-960F-4C7C-BE30-2FFA965F5F7A}.Debug|x64.Build.0 = Debug|Any CPU
		{0D56D20A-960F-4C7C-BE30-2FFA965F5F7A}.Debug|x86.ActiveCfg = Debug|Any CPU
		{0D56D20A-960F-4C7C-BE30-2FFA965F5F7A}.Debug|x86.Build.0 = Debug|Any CPU
		{0D56D20A-960F-4C7C-BE30-2FFA965F5F7A}.Release|Any CPU.ActiveCfg = Release|Any CPU
		{0D56D20A-960F-4C7C-BE30-2FFA965F5F7A}.Release|Any CPU.Build.0 = Release|Any CPU
		{0D56D20A-960F-4C7C-BE30-2FFA965F5F7A}.Release|x64.ActiveCfg = Release|Any CPU
		{0D56D20A-960F-4C7C-BE30-2FFA965F5F7A}.Release|x64.Build.0 = Release|Any CPU
		{0D56D20A-960F-4C7C-BE30-2FFA965F5F7A}.Release|x86.ActiveCfg = Release|Any CPU
		{0D56D20A-960F-4C7C-BE30-2FFA965F5F7A}.Release|x86.Build.0 = Release|Any CPU
		{34C9334B-7D34-4EFC-8931-E6F14EE0713B}.Debug|Any CPU.ActiveCfg = Debug|Any CPU
		{34C9334B-7D34-4EFC-8931-E6F14EE0713B}.Debug|Any CPU.Build.0 = Debug|Any CPU
		{34C9334B-7D34-4EFC-8931-E6F14EE0713B}.Debug|x64.ActiveCfg = Debug|Any CPU
		{34C9334B-7D34-4EFC-8931-E6F14EE0713B}.Debug|x64.Build.0 = Debug|Any CPU
		{34C9334B-7D34-4EFC-8931-E6F14EE0713B}.Debug|x86.ActiveCfg = Debug|Any CPU
		{34C9334B-7D34-4EFC-8931-E6F14EE0713B}.Debug|x86.Build.0 = Debug|Any CPU
		{34C9334B-7D34-4EFC-8931-E6F14EE0713B}.Release|Any CPU.ActiveCfg = Release|Any CPU
		{34C9334B-7D34-4EFC-8931-E6F14EE0713B}.Release|Any CPU.Build.0 = Release|Any CPU
		{34C9334B-7D34-4EFC-8931-E6F14EE0713B}.Release|x64.ActiveCfg = Release|Any CPU
		{34C9334B-7D34-4EFC-8931-E6F14EE0713B}.Release|x64.Build.0 = Release|Any CPU
		{34C9334B-7D34-4EFC-8931-E6F14EE0713B}.Release|x86.ActiveCfg = Release|Any CPU
		{34C9334B-7D34-4EFC-8931-E6F14EE0713B}.Release|x86.Build.0 = Release|Any CPU
		{422684B6-AE31-4C3B-BC46-D79AE25F18C9}.Debug|Any CPU.ActiveCfg = Debug|Any CPU
		{422684B6-AE31-4C3B-BC46-D79AE25F18C9}.Debug|Any CPU.Build.0 = Debug|Any CPU
		{422684B6-AE31-4C3B-BC46-D79AE25F18C9}.Debug|x64.ActiveCfg = Debug|Any CPU
		{422684B6-AE31-4C3B-BC46-D79AE25F18C9}.Debug|x64.Build.0 = Debug|Any CPU
		{422684B6-AE31-4C3B-BC46-D79AE25F18C9}.Debug|x86.ActiveCfg = Debug|Any CPU
		{422684B6-AE31-4C3B-BC46-D79AE25F18C9}.Debug|x86.Build.0 = Debug|Any CPU
		{422684B6-AE31-4C3B-BC46-D79AE25F18C9}.Release|Any CPU.ActiveCfg = Release|Any CPU
		{422684B6-AE31-4C3B-BC46-D79AE25F18C9}.Release|Any CPU.Build.0 = Release|Any CPU
		{422684B6-AE31-4C3B-BC46-D79AE25F18C9}.Release|x64.ActiveCfg = Release|Any CPU
		{422684B6-AE31-4C3B-BC46-D79AE25F18C9}.Release|x64.Build.0 = Release|Any CPU
		{422684B6-AE31-4C3B-BC46-D79AE25F18C9}.Release|x86.ActiveCfg = Release|Any CPU
		{422684B6-AE31-4C3B-BC46-D79AE25F18C9}.Release|x86.Build.0 = Release|Any CPU
	EndGlobalSection
EndGlobal
